# This file is auto-generated by pip freeze
# Bundle: wan_2.2_i2v v260101-01
# Generated: 2026-01-01T10:30:00Z
#
# IMPORTANT: This is a complete pip freeze output.
# Install with: pip install -r requirements.lock --no-deps

--extra-index-url https://download.pytorch.org/whl/cu121

torch==2.1.0+cu121
torchvision==0.16.0+cu121
torchaudio==2.1.0+cu121
transformers==4.36.2
accelerate==0.25.0
safetensors==0.4.1
einops==0.7.0
kornia==0.7.0
scipy==1.11.4
numpy==1.26.2
Pillow==10.1.0
opencv-python==4.8.1.78
tqdm==4.66.1
psutil==5.9.7
aiohttp==3.9.1
yarl==1.9.4
requests==2.31.0
gguf==0.6.0
sentencepiece==0.1.99
tokenizers==0.15.0
huggingface-hub==0.20.1
